
Microsoft Visual Studio Solution File, Format Version 12.00
# Visual Studio 15
Project("{FAE04EC0-301F-11D3-BF4B-00C04F79EFBC}") = "aws-lambda-netcore3-dapper", "aws-lambda-netcore3-dapper.csproj", "{CDC19B49-E788-4FC8-90A0-EBF42A532821}"
EndProject
Global
	GlobalSection(SolutionConfigurationPlatforms) = preSolution
		Debug|Any CPU = Debug|Any CPU
		Release|Any CPU = Release|Any CPU
	EndGlobalSection
	GlobalSection(ProjectConfigurationPlatforms) = postSolution
		{CDC19B49-E788-4FC8-90A0-EBF42A532821}.Debug|Any CPU.ActiveCfg = Debug|Any CPU
		{CDC19B49-E788-4FC8-90A0-EBF42A532821}.Debug|Any CPU.Build.0 = Debug|Any CPU
		{CDC19B49-E788-4FC8-90A0-EBF42A532821}.Release|Any CPU.ActiveCfg = Release|Any CPU
		{CDC19B49-E788-4FC8-90A0-EBF42A532821}.Release|Any CPU.Build.0 = Release|Any CPU
	EndGlobalSection
EndGlobal
